// !$*UTF8*$!
{
	archiveVersion = 1;
	classes = {
	};
	objectVersion = 46;
	objects = {

/* Begin PBXBuildFile section */
		182F46E91A7F671B00295F8B /* main.m in Sources */ = {isa = PBXBuildFile; fileRef = 182F46E81A7F671B00295F8B /* main.m */; };
		182F46EC1A7F671B00295F8B /* AppDelegate.m in Sources */ = {isa = PBXBuildFile; fileRef = 182F46EB1A7F671B00295F8B /* AppDelegate.m */; };
		182F46EF1A7F671B00295F8B /* ViewController.m in Sources */ = {isa = PBXBuildFile; fileRef = 182F46EE1A7F671B00295F8B /* ViewController.m */; };
		182F46F21A7F671B00295F8B /* Main.storyboard in Resources */ = {isa = PBXBuildFile; fileRef = 182F46F01A7F671B00295F8B /* Main.storyboard */; };
		182F46F41A7F671B00295F8B /* Images.xcassets in Resources */ = {isa = PBXBuildFile; fileRef = 182F46F31A7F671B00295F8B /* Images.xcassets */; };
		182F46F71A7F671B00295F8B /* LaunchScreen.xib in Resources */ = {isa = PBXBuildFile; fileRef = 182F46F51A7F671B00295F8B /* LaunchScreen.xib */; };
		182F470D1A7F678500295F8B /* libPPPP_API.a in Frameworks */ = {isa = PBXBuildFile; fileRef = 182F470C1A7F678500295F8B /* libPPPP_API.a */; };
		182F47191A7F725400295F8B /* AudioToolbox.framework in Frameworks */ = {isa = PBXBuildFile; fileRef = 182F47181A7F725400295F8B /* AudioToolbox.framework */; };
		182F471B1A7F726C00295F8B /* CoreMedia.framework in Frameworks */ = {isa = PBXBuildFile; fileRef = 182F471A1A7F726C00295F8B /* CoreMedia.framework */; };
		182F471D1A7F729B00295F8B /* CoreAudio.framework in Frameworks */ = {isa = PBXBuildFile; fileRef = 182F471C1A7F729B00295F8B /* CoreAudio.framework */; };
		182F471F1A7F72AE00295F8B /* AVFoundation.framework in Frameworks */ = {isa = PBXBuildFile; fileRef = 182F471E1A7F72AE00295F8B /* AVFoundation.framework */; };
		182F47221A7F72C100295F8B /* libavcodec.a in Frameworks */ = {isa = PBXBuildFile; fileRef = 182F47201A7F72C100295F8B /* libavcodec.a */; };
		182F47231A7F72C100295F8B /* libavutil.a in Frameworks */ = {isa = PBXBuildFile; fileRef = 182F47211A7F72C100295F8B /* libavutil.a */; };
		18A006201AAF11CA00B6B712 /* MyGLViewController.mm in Sources */ = {isa = PBXBuildFile; fileRef = 18A0061F1AAF11CA00B6B712 /* MyGLViewController.mm */; };
		18A0062B1AAF1E1500B6B712 /* Shader.fsh in Resources */ = {isa = PBXBuildFile; fileRef = 18A006291AAF1E1500B6B712 /* Shader.fsh */; };
		18A0062C1AAF1E1500B6B712 /* Shader.vsh in Resources */ = {isa = PBXBuildFile; fileRef = 18A0062A1AAF1E1500B6B712 /* Shader.vsh */; };
		18A363701B13292B00422464 /* libturbojpeg.a in Frameworks */ = {isa = PBXBuildFile; fileRef = 18A3636F1B13292B00422464 /* libturbojpeg.a */; };
		18A5873C1B2695A7000344F0 /* libStreamPlayLib.a in Frameworks */ = {isa = PBXBuildFile; fileRef = 18A5873B1B2695A7000344F0 /* libStreamPlayLib.a */; };
		18A8FB8B1AEB4835002078D9 /* libfaac.a in Frameworks */ = {isa = PBXBuildFile; fileRef = 18A8FB891AEB4835002078D9 /* libfaac.a */; };
		18A8FB8C1AEB4835002078D9 /* libmp4v2.a in Frameworks */ = {isa = PBXBuildFile; fileRef = 18A8FB8A1AEB4835002078D9 /* libmp4v2.a */; };
		653585602004FEFF007E5997 /* NewWorkManager in Resources */ = {isa = PBXBuildFile; fileRef = 6535855F2004FEFF007E5997 /* NewWorkManager */; };
		653585722005023D007E5997 /* HostComputerObject.m in Sources */ = {isa = PBXBuildFile; fileRef = 653585712005023D007E5997 /* HostComputerObject.m */; };
		6535857820050307007E5997 /* ParentViewController.m in Sources */ = {isa = PBXBuildFile; fileRef = 6535857720050307007E5997 /* ParentViewController.m */; };
		6535857D2005039D007E5997 /* MyNavViewController.m in Sources */ = {isa = PBXBuildFile; fileRef = 6535857C2005039D007E5997 /* MyNavViewController.m */; };
		65358580200503F2007E5997 /* PopAnimation.m in Sources */ = {isa = PBXBuildFile; fileRef = 6535857F200503F2007E5997 /* PopAnimation.m */; };
		653585842005045D007E5997 /* ParentTabbarController.m in Sources */ = {isa = PBXBuildFile; fileRef = 653585832005045D007E5997 /* ParentTabbarController.m */; };
		65358587200504BF007E5997 /* TabbarBottomBtn.m in Sources */ = {isa = PBXBuildFile; fileRef = 65358586200504BF007E5997 /* TabbarBottomBtn.m */; };
		6535858A200504FE007E5997 /* TabNavViewcontroller.m in Sources */ = {isa = PBXBuildFile; fileRef = 65358589200504FE007E5997 /* TabNavViewcontroller.m */; };
		6535858E200505C8007E5997 /* AutoKeyboardField.m in Sources */ = {isa = PBXBuildFile; fileRef = 6535858D200505C8007E5997 /* AutoKeyboardField.m */; };
		65358591200505F8007E5997 /* HomeCellView.m in Sources */ = {isa = PBXBuildFile; fileRef = 65358590200505F8007E5997 /* HomeCellView.m */; settings = {COMPILER_FLAGS = "-fobjc-arc"; }; };
		6535859420050682007E5997 /* NavBarView.m in Sources */ = {isa = PBXBuildFile; fileRef = 6535859320050682007E5997 /* NavBarView.m */; };
		65358597200506AD007E5997 /* RadioButton.m in Sources */ = {isa = PBXBuildFile; fileRef = 65358596200506AD007E5997 /* RadioButton.m */; settings = {COMPILER_FLAGS = "-fobjc-arc"; }; };
		6535859D20050768007E5997 /* RadioView.m in Sources */ = {isa = PBXBuildFile; fileRef = 6535859C20050768007E5997 /* RadioView.m */; };
		653585A020050795007E5997 /* SelectAlert.m in Sources */ = {isa = PBXBuildFile; fileRef = 6535859F20050795007E5997 /* SelectAlert.m */; };
		653585A3200507D0007E5997 /* VerticalCenterTextLabel.m in Sources */ = {isa = PBXBuildFile; fileRef = 653585A2200507D0007E5997 /* VerticalCenterTextLabel.m */; };
		65A2D49E20047A0300910DBA /* GCDAsyncSocket.m in Sources */ = {isa = PBXBuildFile; fileRef = 65A2D49D20047A0300910DBA /* GCDAsyncSocket.m */; settings = {COMPILER_FLAGS = "-fobjc-arc"; }; };
		65A2D4A4200496C900910DBA /* GCDAsyncUdpSocket.m in Sources */ = {isa = PBXBuildFile; fileRef = 65A2D4A3200496C900910DBA /* GCDAsyncUdpSocket.m */; };
		65A2D4A9200497D400910DBA /* SVProgressHUD+SomeThingDefine.m in Sources */ = {isa = PBXBuildFile; fileRef = 65A2D4A8200497D400910DBA /* SVProgressHUD+SomeThingDefine.m */; };
		65A2D4AC2004981000910DBA /* UIView+MydefineView.m in Sources */ = {isa = PBXBuildFile; fileRef = 65A2D4AB2004981000910DBA /* UIView+MydefineView.m */; };
		65A2D4AE200498B200910DBA /* UIKit.framework in Frameworks */ = {isa = PBXBuildFile; fileRef = 65A2D4AD200498B200910DBA /* UIKit.framework */; };
		65A2D4B2200499E600910DBA /* JMDropMenu.m in Sources */ = {isa = PBXBuildFile; fileRef = 65A2D4B1200499E600910DBA /* JMDropMenu.m */; settings = {COMPILER_FLAGS = "-fobjc-arc"; }; };
		65A2D4B520049A4100910DBA /* CommonCode.m in Sources */ = {isa = PBXBuildFile; fileRef = 65A2D4B420049A4100910DBA /* CommonCode.m */; };
		65A2D4B920049AAA00910DBA /* CustomErImgView.m in Sources */ = {isa = PBXBuildFile; fileRef = 65A2D4B820049AAA00910DBA /* CustomErImgView.m */; };
		65A2D4BC20049ADA00910DBA /* CustomerSearchBarView.m in Sources */ = {isa = PBXBuildFile; fileRef = 65A2D4BB20049ADA00910DBA /* CustomerSearchBarView.m */; };
		65A2D4BF20049B0700910DBA /* UIImage+Rotate.m in Sources */ = {isa = PBXBuildFile; fileRef = 65A2D4BE20049B0700910DBA /* UIImage+Rotate.m */; };
		B8738F231C507FD600D110A0 /* libIPCClientNetLib.a in Frameworks */ = {isa = PBXBuildFile; fileRef = 182F470E1A7F679400295F8B /* libIPCClientNetLib.a */; };
		B8738F261C50805000D110A0 /* HSLSearchDevice.m in Sources */ = {isa = PBXBuildFile; fileRef = B8738F251C50805000D110A0 /* HSLSearchDevice.m */; };
		B87A8C271C9900B90017FD22 /* MediaPlayer.framework in Frameworks */ = {isa = PBXBuildFile; fileRef = B87A8C261C9900B90017FD22 /* MediaPlayer.framework */; };
		B87E53DE1BFEFC9C00CEF23C /* libiconv.2.tbd in Frameworks */ = {isa = PBXBuildFile; fileRef = B87E53DD1BFEFC9C00CEF23C /* libiconv.2.tbd */; };
		CBE301849ABC2DB5586848AB /* libPods-testlib.a in Frameworks */ = {isa = PBXBuildFile; fileRef = 35BBE47F7322FA76E81EF2BC /* libPods-testlib.a */; };
/* End PBXBuildFile section */

/* Begin PBXFileReference section */
		182F46E31A7F671B00295F8B /* testlib.app */ = {isa = PBXFileReference; explicitFileType = wrapper.application; includeInIndex = 0; path = testlib.app; sourceTree = BUILT_PRODUCTS_DIR; };
		182F46E71A7F671B00295F8B /* Info.plist */ = {isa = PBXFileReference; lastKnownFileType = text.plist.xml; path = Info.plist; sourceTree = "<group>"; };
		182F46E81A7F671B00295F8B /* main.m */ = {isa = PBXFileReference; lastKnownFileType = sourcecode.c.objc; path = main.m; sourceTree = "<group>"; };
		182F46EA1A7F671B00295F8B /* AppDelegate.h */ = {isa = PBXFileReference; lastKnownFileType = sourcecode.c.h; path = AppDelegate.h; sourceTree = "<group>"; };
		182F46EB1A7F671B00295F8B /* AppDelegate.m */ = {isa = PBXFileReference; lastKnownFileType = sourcecode.c.objc; path = AppDelegate.m; sourceTree = "<group>"; };
		182F46ED1A7F671B00295F8B /* ViewController.h */ = {isa = PBXFileReference; lastKnownFileType = sourcecode.c.h; path = ViewController.h; sourceTree = "<group>"; };
		182F46EE1A7F671B00295F8B /* ViewController.m */ = {isa = PBXFileReference; lastKnownFileType = sourcecode.c.objc; path = ViewController.m; sourceTree = "<group>"; };
		182F46F11A7F671B00295F8B /* Base */ = {isa = PBXFileReference; lastKnownFileType = file.storyboard; name = Base; path = Base.lproj/Main.storyboard; sourceTree = "<group>"; };
		182F46F31A7F671B00295F8B /* Images.xcassets */ = {isa = PBXFileReference; lastKnownFileType = folder.assetcatalog; path = Images.xcassets; sourceTree = "<group>"; };
		182F46F61A7F671B00295F8B /* Base */ = {isa = PBXFileReference; lastKnownFileType = file.xib; name = Base; path = Base.lproj/LaunchScreen.xib; sourceTree = "<group>"; };
		182F47011A7F671C00295F8B /* Info.plist */ = {isa = PBXFileReference; lastKnownFileType = text.plist.xml; path = Info.plist; sourceTree = "<group>"; };
		182F47021A7F671C00295F8B /* testlibTests.m */ = {isa = PBXFileReference; lastKnownFileType = sourcecode.c.objc; path = testlibTests.m; sourceTree = "<group>"; };
		182F470C1A7F678500295F8B /* libPPPP_API.a */ = {isa = PBXFileReference; lastKnownFileType = archive.ar; name = libPPPP_API.a; path = testlib/lib/libPPPP_API.a; sourceTree = "<group>"; };
		182F470E1A7F679400295F8B /* libIPCClientNetLib.a */ = {isa = PBXFileReference; lastKnownFileType = archive.ar; name = libIPCClientNetLib.a; path = testlib/lib/libIPCClientNetLib.a; sourceTree = "<group>"; };
		182F47181A7F725400295F8B /* AudioToolbox.framework */ = {isa = PBXFileReference; lastKnownFileType = wrapper.framework; name = AudioToolbox.framework; path = System/Library/Frameworks/AudioToolbox.framework; sourceTree = SDKROOT; };
		182F471A1A7F726C00295F8B /* CoreMedia.framework */ = {isa = PBXFileReference; lastKnownFileType = wrapper.framework; name = CoreMedia.framework; path = System/Library/Frameworks/CoreMedia.framework; sourceTree = SDKROOT; };
		182F471C1A7F729B00295F8B /* CoreAudio.framework */ = {isa = PBXFileReference; lastKnownFileType = wrapper.framework; name = CoreAudio.framework; path = System/Library/Frameworks/CoreAudio.framework; sourceTree = SDKROOT; };
		182F471E1A7F72AE00295F8B /* AVFoundation.framework */ = {isa = PBXFileReference; lastKnownFileType = wrapper.framework; name = AVFoundation.framework; path = System/Library/Frameworks/AVFoundation.framework; sourceTree = SDKROOT; };
		182F47201A7F72C100295F8B /* libavcodec.a */ = {isa = PBXFileReference; lastKnownFileType = archive.ar; name = libavcodec.a; path = testlib/lib/libavcodec.a; sourceTree = "<group>"; };
		182F47211A7F72C100295F8B /* libavutil.a */ = {isa = PBXFileReference; lastKnownFileType = archive.ar; name = libavutil.a; path = testlib/lib/libavutil.a; sourceTree = "<group>"; };
		18A0061F1AAF11CA00B6B712 /* MyGLViewController.mm */ = {isa = PBXFileReference; lastKnownFileType = sourcecode.cpp.objcpp; name = MyGLViewController.mm; path = testlib/MyGLViewController.mm; sourceTree = "<group>"; };
		18A006291AAF1E1500B6B712 /* Shader.fsh */ = {isa = PBXFileReference; lastKnownFileType = sourcecode.glsl; name = Shader.fsh; path = testlib/Shader.fsh; sourceTree = "<group>"; };
		18A0062A1AAF1E1500B6B712 /* Shader.vsh */ = {isa = PBXFileReference; lastKnownFileType = sourcecode.glsl; name = Shader.vsh; path = testlib/Shader.vsh; sourceTree = "<group>"; };
		18A3636F1B13292B00422464 /* libturbojpeg.a */ = {isa = PBXFileReference; lastKnownFileType = archive.ar; name = libturbojpeg.a; path = testlib/lib/libturbojpeg.a; sourceTree = "<group>"; };
		18A5873B1B2695A7000344F0 /* libStreamPlayLib.a */ = {isa = PBXFileReference; lastKnownFileType = archive.ar; name = libStreamPlayLib.a; path = testlib/lib/libStreamPlayLib.a; sourceTree = "<group>"; };
		18A8FB891AEB4835002078D9 /* libfaac.a */ = {isa = PBXFileReference; lastKnownFileType = archive.ar; name = libfaac.a; path = testlib/lib/libfaac.a; sourceTree = "<group>"; };
		18A8FB8A1AEB4835002078D9 /* libmp4v2.a */ = {isa = PBXFileReference; lastKnownFileType = archive.ar; name = libmp4v2.a; path = testlib/lib/libmp4v2.a; sourceTree = "<group>"; };
		29D20868EBD09B5C49DEAEBF /* Pods-testlib.release.xcconfig */ = {isa = PBXFileReference; includeInIndex = 1; lastKnownFileType = text.xcconfig; name = "Pods-testlib.release.xcconfig"; path = "Pods/Target Support Files/Pods-testlib/Pods-testlib.release.xcconfig"; sourceTree = "<group>"; };
		35BBE47F7322FA76E81EF2BC /* libPods-testlib.a */ = {isa = PBXFileReference; explicitFileType = archive.ar; includeInIndex = 0; path = "libPods-testlib.a"; sourceTree = BUILT_PRODUCTS_DIR; };
		6535855F2004FEFF007E5997 /* NewWorkManager */ = {isa = PBXFileReference; lastKnownFileType = folder; path = NewWorkManager; sourceTree = "<group>"; };
		653585702005023D007E5997 /* HostComputerObject.h */ = {isa = PBXFileReference; lastKnownFileType = sourcecode.c.h; path = HostComputerObject.h; sourceTree = "<group>"; };
		653585712005023D007E5997 /* HostComputerObject.m */ = {isa = PBXFileReference; lastKnownFileType = sourcecode.c.objc; path = HostComputerObject.m; sourceTree = "<group>"; };
		65358574200502A7007E5997 /* baoboPrefixHeader.pch */ = {isa = PBXFileReference; lastKnownFileType = sourcecode.c.h; path = baoboPrefixHeader.pch; sourceTree = "<group>"; };
		6535857620050307007E5997 /* ParentViewController.h */ = {isa = PBXFileReference; lastKnownFileType = sourcecode.c.h; path = ParentViewController.h; sourceTree = "<group>"; };
		6535857720050307007E5997 /* ParentViewController.m */ = {isa = PBXFileReference; lastKnownFileType = sourcecode.c.objc; path = ParentViewController.m; sourceTree = "<group>"; };
		6535857B2005039D007E5997 /* MyNavViewController.h */ = {isa = PBXFileReference; lastKnownFileType = sourcecode.c.h; path = MyNavViewController.h; sourceTree = "<group>"; };
		6535857C2005039D007E5997 /* MyNavViewController.m */ = {isa = PBXFileReference; lastKnownFileType = sourcecode.c.objc; path = MyNavViewController.m; sourceTree = "<group>"; };
		6535857E200503F2007E5997 /* PopAnimation.h */ = {isa = PBXFileReference; lastKnownFileType = sourcecode.c.h; path = PopAnimation.h; sourceTree = "<group>"; };
		6535857F200503F2007E5997 /* PopAnimation.m */ = {isa = PBXFileReference; lastKnownFileType = sourcecode.c.objc; path = PopAnimation.m; sourceTree = "<group>"; };
		653585822005045D007E5997 /* ParentTabbarController.h */ = {isa = PBXFileReference; lastKnownFileType = sourcecode.c.h; path = ParentTabbarController.h; sourceTree = "<group>"; };
		653585832005045D007E5997 /* ParentTabbarController.m */ = {isa = PBXFileReference; lastKnownFileType = sourcecode.c.objc; path = ParentTabbarController.m; sourceTree = "<group>"; };
		65358585200504BF007E5997 /* TabbarBottomBtn.h */ = {isa = PBXFileReference; lastKnownFileType = sourcecode.c.h; path = TabbarBottomBtn.h; sourceTree = "<group>"; };
		65358586200504BF007E5997 /* TabbarBottomBtn.m */ = {isa = PBXFileReference; lastKnownFileType = sourcecode.c.objc; path = TabbarBottomBtn.m; sourceTree = "<group>"; };
		65358588200504FE007E5997 /* TabNavViewcontroller.h */ = {isa = PBXFileReference; lastKnownFileType = sourcecode.c.h; path = TabNavViewcontroller.h; sourceTree = "<group>"; };
		65358589200504FE007E5997 /* TabNavViewcontroller.m */ = {isa = PBXFileReference; lastKnownFileType = sourcecode.c.objc; path = TabNavViewcontroller.m; sourceTree = "<group>"; };
		6535858C200505C8007E5997 /* AutoKeyboardField.h */ = {isa = PBXFileReference; lastKnownFileType = sourcecode.c.h; path = AutoKeyboardField.h; sourceTree = "<group>"; };
		6535858D200505C8007E5997 /* AutoKeyboardField.m */ = {isa = PBXFileReference; lastKnownFileType = sourcecode.c.objc; path = AutoKeyboardField.m; sourceTree = "<group>"; };
		6535858F200505F8007E5997 /* HomeCellView.h */ = {isa = PBXFileReference; lastKnownFileType = sourcecode.c.h; path = HomeCellView.h; sourceTree = "<group>"; };
		65358590200505F8007E5997 /* HomeCellView.m */ = {isa = PBXFileReference; lastKnownFileType = sourcecode.c.objc; path = HomeCellView.m; sourceTree = "<group>"; };
		6535859220050682007E5997 /* NavBarView.h */ = {isa = PBXFileReference; lastKnownFileType = sourcecode.c.h; path = NavBarView.h; sourceTree = "<group>"; };
		6535859320050682007E5997 /* NavBarView.m */ = {isa = PBXFileReference; lastKnownFileType = sourcecode.c.objc; path = NavBarView.m; sourceTree = "<group>"; };
		65358595200506AD007E5997 /* RadioButton.h */ = {isa = PBXFileReference; lastKnownFileType = sourcecode.c.h; path = RadioButton.h; sourceTree = "<group>"; };
		65358596200506AD007E5997 /* RadioButton.m */ = {isa = PBXFileReference; lastKnownFileType = sourcecode.c.objc; path = RadioButton.m; sourceTree = "<group>"; };
		6535859B20050768007E5997 /* RadioView.h */ = {isa = PBXFileReference; lastKnownFileType = sourcecode.c.h; path = RadioView.h; sourceTree = "<group>"; };
		6535859C20050768007E5997 /* RadioView.m */ = {isa = PBXFileReference; lastKnownFileType = sourcecode.c.objc; path = RadioView.m; sourceTree = "<group>"; };
		6535859E20050795007E5997 /* SelectAlert.h */ = {isa = PBXFileReference; lastKnownFileType = sourcecode.c.h; path = SelectAlert.h; sourceTree = "<group>"; };
		6535859F20050795007E5997 /* SelectAlert.m */ = {isa = PBXFileReference; lastKnownFileType = sourcecode.c.objc; path = SelectAlert.m; sourceTree = "<group>"; };
		653585A1200507D0007E5997 /* VerticalCenterTextLabel.h */ = {isa = PBXFileReference; lastKnownFileType = sourcecode.c.h; path = VerticalCenterTextLabel.h; sourceTree = "<group>"; };
		653585A2200507D0007E5997 /* VerticalCenterTextLabel.m */ = {isa = PBXFileReference; lastKnownFileType = sourcecode.c.objc; path = VerticalCenterTextLabel.m; sourceTree = "<group>"; };
		65A2D49D20047A0300910DBA /* GCDAsyncSocket.m */ = {isa = PBXFileReference; lastKnownFileType = sourcecode.c.objc; path = GCDAsyncSocket.m; sourceTree = "<group>"; };
		65A2D49F20047A3700910DBA /* GCDAsyncSocket.h */ = {isa = PBXFileReference; lastKnownFileType = sourcecode.c.h; path = GCDAsyncSocket.h; sourceTree = "<group>"; };
		65A2D4A2200496B000910DBA /* GCDAsyncUdpSocket.h */ = {isa = PBXFileReference; lastKnownFileType = sourcecode.c.h; path = GCDAsyncUdpSocket.h; sourceTree = "<group>"; };
		65A2D4A3200496C900910DBA /* GCDAsyncUdpSocket.m */ = {isa = PBXFileReference; lastKnownFileType = sourcecode.c.objc; path = GCDAsyncUdpSocket.m; sourceTree = "<group>"; };
		65A2D4A7200497D400910DBA /* SVProgressHUD+SomeThingDefine.h */ = {isa = PBXFileReference; lastKnownFileType = sourcecode.c.h; path = "SVProgressHUD+SomeThingDefine.h"; sourceTree = "<group>"; };
		65A2D4A8200497D400910DBA /* SVProgressHUD+SomeThingDefine.m */ = {isa = PBXFileReference; lastKnownFileType = sourcecode.c.objc; path = "SVProgressHUD+SomeThingDefine.m"; sourceTree = "<group>"; };
		65A2D4AA2004981000910DBA /* UIView+MydefineView.h */ = {isa = PBXFileReference; lastKnownFileType = sourcecode.c.h; path = "UIView+MydefineView.h"; sourceTree = "<group>"; };
		65A2D4AB2004981000910DBA /* UIView+MydefineView.m */ = {isa = PBXFileReference; lastKnownFileType = sourcecode.c.objc; path = "UIView+MydefineView.m"; sourceTree = "<group>"; };
		65A2D4AD200498B200910DBA /* UIKit.framework */ = {isa = PBXFileReference; lastKnownFileType = wrapper.framework; name = UIKit.framework; path = System/Library/Frameworks/UIKit.framework; sourceTree = SDKROOT; };
		65A2D4B0200499D700910DBA /* JMDropMenu.h */ = {isa = PBXFileReference; lastKnownFileType = sourcecode.c.h; path = JMDropMenu.h; sourceTree = "<group>"; };
		65A2D4B1200499E600910DBA /* JMDropMenu.m */ = {isa = PBXFileReference; lastKnownFileType = sourcecode.c.objc; path = JMDropMenu.m; sourceTree = "<group>"; };
		65A2D4B420049A4100910DBA /* CommonCode.m */ = {isa = PBXFileReference; lastKnownFileType = sourcecode.c.objc; path = CommonCode.m; sourceTree = "<group>"; };
		65A2D4B620049A6800910DBA /* CommonCode.h */ = {isa = PBXFileReference; lastKnownFileType = sourcecode.c.h; path = CommonCode.h; sourceTree = "<group>"; };
		65A2D4B720049A8C00910DBA /* CustomErImgView.h */ = {isa = PBXFileReference; lastKnownFileType = sourcecode.c.h; path = CustomErImgView.h; sourceTree = "<group>"; };
		65A2D4B820049AAA00910DBA /* CustomErImgView.m */ = {isa = PBXFileReference; lastKnownFileType = sourcecode.c.objc; path = CustomErImgView.m; sourceTree = "<group>"; };
		65A2D4BA20049ADA00910DBA /* CustomerSearchBarView.h */ = {isa = PBXFileReference; lastKnownFileType = sourcecode.c.h; path = CustomerSearchBarView.h; sourceTree = "<group>"; };
		65A2D4BB20049ADA00910DBA /* CustomerSearchBarView.m */ = {isa = PBXFileReference; lastKnownFileType = sourcecode.c.objc; path = CustomerSearchBarView.m; sourceTree = "<group>"; };
		65A2D4BD20049B0700910DBA /* UIImage+Rotate.h */ = {isa = PBXFileReference; lastKnownFileType = sourcecode.c.h; path = "UIImage+Rotate.h"; sourceTree = "<group>"; };
		65A2D4BE20049B0700910DBA /* UIImage+Rotate.m */ = {isa = PBXFileReference; lastKnownFileType = sourcecode.c.objc; path = "UIImage+Rotate.m"; sourceTree = "<group>"; };
		65A2D4C020049B6800910DBA /* UtilsMacro.h */ = {isa = PBXFileReference; lastKnownFileType = sourcecode.c.h; path = UtilsMacro.h; sourceTree = "<group>"; };
		B8738F241C50805000D110A0 /* HSLSearchDevice.h */ = {isa = PBXFileReference; fileEncoding = 4; lastKnownFileType = sourcecode.c.h; path = HSLSearchDevice.h; sourceTree = "<group>"; };
		B8738F251C50805000D110A0 /* HSLSearchDevice.m */ = {isa = PBXFileReference; fileEncoding = 4; lastKnownFileType = sourcecode.c.objc; path = HSLSearchDevice.m; sourceTree = "<group>"; };
		B87A8C261C9900B90017FD22 /* MediaPlayer.framework */ = {isa = PBXFileReference; lastKnownFileType = wrapper.framework; name = MediaPlayer.framework; path = System/Library/Frameworks/MediaPlayer.framework; sourceTree = SDKROOT; };
		B87E53DD1BFEFC9C00CEF23C /* libiconv.2.tbd */ = {isa = PBXFileReference; lastKnownFileType = "sourcecode.text-based-dylib-definition"; name = libiconv.2.tbd; path = usr/lib/libiconv.2.tbd; sourceTree = SDKROOT; };
		C5A931951A5BD3A8E105C517 /* Pods-testlib.debug.xcconfig */ = {isa = PBXFileReference; includeInIndex = 1; lastKnownFileType = text.xcconfig; name = "Pods-testlib.debug.xcconfig"; path = "Pods/Target Support Files/Pods-testlib/Pods-testlib.debug.xcconfig"; sourceTree = "<group>"; };
/* End PBXFileReference section */

/* Begin PBXFrameworksBuildPhase section */
		182F46E01A7F671B00295F8B /* Frameworks */ = {
			isa = PBXFrameworksBuildPhase;
			buildActionMask = 2147483647;
			files = (
				65A2D4AE200498B200910DBA /* UIKit.framework in Frameworks */,
				B87A8C271C9900B90017FD22 /* MediaPlayer.framework in Frameworks */,
				B8738F231C507FD600D110A0 /* libIPCClientNetLib.a in Frameworks */,
				B87E53DE1BFEFC9C00CEF23C /* libiconv.2.tbd in Frameworks */,
				18A5873C1B2695A7000344F0 /* libStreamPlayLib.a in Frameworks */,
				18A363701B13292B00422464 /* libturbojpeg.a in Frameworks */,
				18A8FB8B1AEB4835002078D9 /* libfaac.a in Frameworks */,
				18A8FB8C1AEB4835002078D9 /* libmp4v2.a in Frameworks */,
				182F47221A7F72C100295F8B /* libavcodec.a in Frameworks */,
				182F47231A7F72C100295F8B /* libavutil.a in Frameworks */,
				182F471F1A7F72AE00295F8B /* AVFoundation.framework in Frameworks */,
				182F471D1A7F729B00295F8B /* CoreAudio.framework in Frameworks */,
				182F471B1A7F726C00295F8B /* CoreMedia.framework in Frameworks */,
				182F47191A7F725400295F8B /* AudioToolbox.framework in Frameworks */,
				182F470D1A7F678500295F8B /* libPPPP_API.a in Frameworks */,
				CBE301849ABC2DB5586848AB /* libPods-testlib.a in Frameworks */,
			);
			runOnlyForDeploymentPostprocessing = 0;
		};
/* End PBXFrameworksBuildPhase section */

/* Begin PBXGroup section */
		015DA612AEE44276ED144CD1 /* Frameworks */ = {
			isa = PBXGroup;
			children = (
				65A2D4AD200498B200910DBA /* UIKit.framework */,
				35BBE47F7322FA76E81EF2BC /* libPods-testlib.a */,
			);
			name = Frameworks;
			sourceTree = "<group>";
		};
		182F46DA1A7F671B00295F8B = {
			isa = PBXGroup;
			children = (
				6535855F2004FEFF007E5997 /* NewWorkManager */,
				65A2D4B320049A1F00910DBA /* CommonCode */,
				65A2D49C200479A200910DBA /* 第三方框架 */,
				B87A8C261C9900B90017FD22 /* MediaPlayer.framework */,
				B87E53DD1BFEFC9C00CEF23C /* libiconv.2.tbd */,
				18A5873B1B2695A7000344F0 /* libStreamPlayLib.a */,
				18A3636F1B13292B00422464 /* libturbojpeg.a */,
				18A8FB891AEB4835002078D9 /* libfaac.a */,
				18A8FB8A1AEB4835002078D9 /* libmp4v2.a */,
				18A006291AAF1E1500B6B712 /* Shader.fsh */,
				18A0062A1AAF1E1500B6B712 /* Shader.vsh */,
				18A0061F1AAF11CA00B6B712 /* MyGLViewController.mm */,
				182F47201A7F72C100295F8B /* libavcodec.a */,
				182F47211A7F72C100295F8B /* libavutil.a */,
				182F471E1A7F72AE00295F8B /* AVFoundation.framework */,
				182F471C1A7F729B00295F8B /* CoreAudio.framework */,
				182F471A1A7F726C00295F8B /* CoreMedia.framework */,
				182F47181A7F725400295F8B /* AudioToolbox.framework */,
				182F470E1A7F679400295F8B /* libIPCClientNetLib.a */,
				182F470C1A7F678500295F8B /* libPPPP_API.a */,
				182F46E51A7F671B00295F8B /* testlib */,
				182F46FF1A7F671C00295F8B /* testlibTests */,
				182F46E41A7F671B00295F8B /* Products */,
				7FCBB4CD4EB346CADD3E17AE /* Pods */,
				015DA612AEE44276ED144CD1 /* Frameworks */,
			);
			sourceTree = "<group>";
		};
		182F46E41A7F671B00295F8B /* Products */ = {
			isa = PBXGroup;
			children = (
				182F46E31A7F671B00295F8B /* testlib.app */,
			);
			name = Products;
			sourceTree = "<group>";
		};
		182F46E51A7F671B00295F8B /* testlib */ = {
			isa = PBXGroup;
			children = (
				6535857920050367007E5997 /* 组件 */,
				65358575200502EB007E5997 /* 界面 */,
				6535857320050281007E5997 /* 其他 */,
				6535856F20050204007E5997 /* 对象 */,
				B8738F241C50805000D110A0 /* HSLSearchDevice.h */,
				B8738F251C50805000D110A0 /* HSLSearchDevice.m */,
				182F46EA1A7F671B00295F8B /* AppDelegate.h */,
				182F46EB1A7F671B00295F8B /* AppDelegate.m */,
				182F46ED1A7F671B00295F8B /* ViewController.h */,
				182F46EE1A7F671B00295F8B /* ViewController.m */,
				182F46F01A7F671B00295F8B /* Main.storyboard */,
				182F46F31A7F671B00295F8B /* Images.xcassets */,
				182F46F51A7F671B00295F8B /* LaunchScreen.xib */,
				182F46E61A7F671B00295F8B /* Supporting Files */,
			);
			path = testlib;
			sourceTree = "<group>";
		};
		182F46E61A7F671B00295F8B /* Supporting Files */ = {
			isa = PBXGroup;
			children = (
				182F46E71A7F671B00295F8B /* Info.plist */,
				182F46E81A7F671B00295F8B /* main.m */,
			);
			name = "Supporting Files";
			sourceTree = "<group>";
		};
		182F46FF1A7F671C00295F8B /* testlibTests */ = {
			isa = PBXGroup;
			children = (
				182F47021A7F671C00295F8B /* testlibTests.m */,
				182F47001A7F671C00295F8B /* Supporting Files */,
			);
			path = testlibTests;
			sourceTree = "<group>";
		};
		182F47001A7F671C00295F8B /* Supporting Files */ = {
			isa = PBXGroup;
			children = (
				182F47011A7F671C00295F8B /* Info.plist */,
			);
			name = "Supporting Files";
			sourceTree = "<group>";
		};
		6535856F20050204007E5997 /* 对象 */ = {
			isa = PBXGroup;
			children = (
				653585702005023D007E5997 /* HostComputerObject.h */,
				653585712005023D007E5997 /* HostComputerObject.m */,
			);
			name = "对象";
			sourceTree = "<group>";
		};
		6535857320050281007E5997 /* 其他 */ = {
			isa = PBXGroup;
			children = (
				65358574200502A7007E5997 /* baoboPrefixHeader.pch */,
			);
			name = "其他";
			sourceTree = "<group>";
		};
		65358575200502EB007E5997 /* 界面 */ = {
			isa = PBXGroup;
			children = (
				6535857620050307007E5997 /* ParentViewController.h */,
				6535857720050307007E5997 /* ParentViewController.m */,
			);
			name = "界面";
			sourceTree = "<group>";
		};
		6535857920050367007E5997 /* 组件 */ = {
			isa = PBXGroup;
			children = (
				6535858B20050574007E5997 /* 其他组件 */,
				653585812005043F007E5997 /* 分类组件 */,
				6535857A20050382007E5997 /* 导航栏组件 */,
			);
			name = "组件";
			sourceTree = "<group>";
		};
		6535857A20050382007E5997 /* 导航栏组件 */ = {
			isa = PBXGroup;
			children = (
				6535857B2005039D007E5997 /* MyNavViewController.h */,
				6535857C2005039D007E5997 /* MyNavViewController.m */,
				6535857E200503F2007E5997 /* PopAnimation.h */,
				6535857F200503F2007E5997 /* PopAnimation.m */,
			);
			name = "导航栏组件";
			sourceTree = "<group>";
		};
		653585812005043F007E5997 /* 分类组件 */ = {
			isa = PBXGroup;
			children = (
				653585822005045D007E5997 /* ParentTabbarController.h */,
				653585832005045D007E5997 /* ParentTabbarController.m */,
				65358585200504BF007E5997 /* TabbarBottomBtn.h */,
				65358586200504BF007E5997 /* TabbarBottomBtn.m */,
				65358588200504FE007E5997 /* TabNavViewcontroller.h */,
				65358589200504FE007E5997 /* TabNavViewcontroller.m */,
			);
			name = "分类组件";
			sourceTree = "<group>";
		};
		6535858B20050574007E5997 /* 其他组件 */ = {
			isa = PBXGroup;
			children = (
				6535858C200505C8007E5997 /* AutoKeyboardField.h */,
				6535858D200505C8007E5997 /* AutoKeyboardField.m */,
				6535858F200505F8007E5997 /* HomeCellView.h */,
				65358590200505F8007E5997 /* HomeCellView.m */,
				6535859220050682007E5997 /* NavBarView.h */,
				6535859320050682007E5997 /* NavBarView.m */,
				65358595200506AD007E5997 /* RadioButton.h */,
				65358596200506AD007E5997 /* RadioButton.m */,
				6535859B20050768007E5997 /* RadioView.h */,
				6535859C20050768007E5997 /* RadioView.m */,
				6535859E20050795007E5997 /* SelectAlert.h */,
				6535859F20050795007E5997 /* SelectAlert.m */,
				653585A1200507D0007E5997 /* VerticalCenterTextLabel.h */,
				653585A2200507D0007E5997 /* VerticalCenterTextLabel.m */,
			);
			name = "其他组件";
			sourceTree = "<group>";
		};
		65A2D49C200479A200910DBA /* 第三方框架 */ = {
			isa = PBXGroup;
			children = (
				65A2D4AF200499A200910DBA /* JMDropMenu */,
				65A2D4A6200497A000910DBA /* svprogress+mydefine */,
				65A2D4A52004976400910DBA /* GCDAsyncUdpSocket */,
			);
			path = "第三方框架";
			sourceTree = "<group>";
		};
		65A2D4A52004976400910DBA /* GCDAsyncUdpSocket */ = {
			isa = PBXGroup;
			children = (
				65A2D49D20047A0300910DBA /* GCDAsyncSocket.m */,
				65A2D49F20047A3700910DBA /* GCDAsyncSocket.h */,
				65A2D4A2200496B000910DBA /* GCDAsyncUdpSocket.h */,
				65A2D4A3200496C900910DBA /* GCDAsyncUdpSocket.m */,
			);
			path = GCDAsyncUdpSocket;
			sourceTree = "<group>";
		};
		65A2D4A6200497A000910DBA /* svprogress+mydefine */ = {
			isa = PBXGroup;
			children = (
				65A2D4A7200497D400910DBA /* SVProgressHUD+SomeThingDefine.h */,
				65A2D4A8200497D400910DBA /* SVProgressHUD+SomeThingDefine.m */,
				65A2D4AA2004981000910DBA /* UIView+MydefineView.h */,
				65A2D4AB2004981000910DBA /* UIView+MydefineView.m */,
			);
			path = "svprogress+mydefine";
			sourceTree = "<group>";
		};
		65A2D4AF200499A200910DBA /* JMDropMenu */ = {
			isa = PBXGroup;
			children = (
				65A2D4B0200499D700910DBA /* JMDropMenu.h */,
				65A2D4B1200499E600910DBA /* JMDropMenu.m */,
			);
			path = JMDropMenu;
			sourceTree = "<group>";
		};
		65A2D4B320049A1F00910DBA /* CommonCode */ = {
			isa = PBXGroup;
			children = (
				65A2D4B420049A4100910DBA /* CommonCode.m */,
				65A2D4B620049A6800910DBA /* CommonCode.h */,
				65A2D4B720049A8C00910DBA /* CustomErImgView.h */,
				65A2D4B820049AAA00910DBA /* CustomErImgView.m */,
				65A2D4BA20049ADA00910DBA /* CustomerSearchBarView.h */,
				65A2D4BB20049ADA00910DBA /* CustomerSearchBarView.m */,
				65A2D4BD20049B0700910DBA /* UIImage+Rotate.h */,
				65A2D4BE20049B0700910DBA /* UIImage+Rotate.m */,
				65A2D4C020049B6800910DBA /* UtilsMacro.h */,
			);
			path = CommonCode;
			sourceTree = "<group>";
		};
		7FCBB4CD4EB346CADD3E17AE /* Pods */ = {
			isa = PBXGroup;
			children = (
				C5A931951A5BD3A8E105C517 /* Pods-testlib.debug.xcconfig */,
				29D20868EBD09B5C49DEAEBF /* Pods-testlib.release.xcconfig */,
			);
			name = Pods;
			sourceTree = "<group>";
		};
/* End PBXGroup section */

/* Begin PBXNativeTarget section */
		182F46E21A7F671B00295F8B /* testlib */ = {
			isa = PBXNativeTarget;
			buildConfigurationList = 182F47061A7F671C00295F8B /* Build configuration list for PBXNativeTarget "testlib" */;
			buildPhases = (
				94EC8BC2A9F95D6AF2265A89 /* [CP] Check Pods Manifest.lock */,
				182F46DF1A7F671B00295F8B /* Sources */,
				182F46E01A7F671B00295F8B /* Frameworks */,
				182F46E11A7F671B00295F8B /* Resources */,
				91069F10F6FFDFEC22BE76F5 /* [CP] Embed Pods Frameworks */,
				37C124B2CB33CA07D18CB52B /* [CP] Copy Pods Resources */,
			);
			buildRules = (
			);
			dependencies = (
			);
			name = testlib;
			productName = testlib;
			productReference = 182F46E31A7F671B00295F8B /* testlib.app */;
			productType = "com.apple.product-type.application";
		};
/* End PBXNativeTarget section */

/* Begin PBXProject section */
		182F46DB1A7F671B00295F8B /* Project object */ = {
			isa = PBXProject;
			attributes = {
				LastUpgradeCheck = 0610;
				ORGANIZATIONNAME = hsl;
				TargetAttributes = {
					182F46E21A7F671B00295F8B = {
						CreatedOnToolsVersion = 6.1.1;
						DevelopmentTeam = NBPYVQ9Z75;
						ProvisioningStyle = Automatic;
					};
				};
			};
			buildConfigurationList = 182F46DE1A7F671B00295F8B /* Build configuration list for PBXProject "testlib" */;
			compatibilityVersion = "Xcode 3.2";
			developmentRegion = English;
			hasScannedForEncodings = 0;
			knownRegions = (
				en,
				Base,
			);
			mainGroup = 182F46DA1A7F671B00295F8B;
			productRefGroup = 182F46E41A7F671B00295F8B /* Products */;
			projectDirPath = "";
			projectRoot = "";
			targets = (
				182F46E21A7F671B00295F8B /* testlib */,
			);
		};
/* End PBXProject section */

/* Begin PBXResourcesBuildPhase section */
		182F46E11A7F671B00295F8B /* Resources */ = {
			isa = PBXResourcesBuildPhase;
			buildActionMask = 2147483647;
			files = (
				18A0062B1AAF1E1500B6B712 /* Shader.fsh in Resources */,
				18A0062C1AAF1E1500B6B712 /* Shader.vsh in Resources */,
				653585602004FEFF007E5997 /* NewWorkManager in Resources */,
				182F46F21A7F671B00295F8B /* Main.storyboard in Resources */,
				182F46F71A7F671B00295F8B /* LaunchScreen.xib in Resources */,
				182F46F41A7F671B00295F8B /* Images.xcassets in Resources */,
			);
			runOnlyForDeploymentPostprocessing = 0;
		};
/* End PBXResourcesBuildPhase section */

/* Begin PBXShellScriptBuildPhase section */
		37C124B2CB33CA07D18CB52B /* [CP] Copy Pods Resources */ = {
			isa = PBXShellScriptBuildPhase;
			buildActionMask = 2147483647;
			files = (
			);
			inputPaths = (
				"${SRCROOT}/Pods/Target Support Files/Pods-testlib/Pods-testlib-resources.sh",
				"${PODS_ROOT}/IQKeyboardManager/IQKeyboardManager/Resources/IQKeyboardManager.bundle",
				"${PODS_ROOT}/SVProgressHUD/SVProgressHUD/SVProgressHUD.bundle",
			);
			name = "[CP] Copy Pods Resources";
			outputPaths = (
				"${TARGET_BUILD_DIR}/${UNLOCALIZED_RESOURCES_FOLDER_PATH}",
			);
			runOnlyForDeploymentPostprocessing = 0;
			shellPath = /bin/sh;
			shellScript = "\"${SRCROOT}/Pods/Target Support Files/Pods-testlib/Pods-testlib-resources.sh\"\n";
			showEnvVarsInLog = 0;
		};
		91069F10F6FFDFEC22BE76F5 /* [CP] Embed Pods Frameworks */ = {
			isa = PBXShellScriptBuildPhase;
			buildActionMask = 2147483647;
			files = (
			);
			inputPaths = (
			);
			name = "[CP] Embed Pods Frameworks";
			outputPaths = (
			);
			runOnlyForDeploymentPostprocessing = 0;
			shellPath = /bin/sh;
			shellScript = "\"${SRCROOT}/Pods/Target Support Files/Pods-testlib/Pods-testlib-frameworks.sh\"\n";
			showEnvVarsInLog = 0;
		};
		94EC8BC2A9F95D6AF2265A89 /* [CP] Check Pods Manifest.lock */ = {
			isa = PBXShellScriptBuildPhase;
			buildActionMask = 2147483647;
			files = (
			);
			inputPaths = (
				"${PODS_PODFILE_DIR_PATH}/Podfile.lock",
				"${PODS_ROOT}/Manifest.lock",
			);
			name = "[CP] Check Pods Manifest.lock";
			outputPaths = (
				"$(DERIVED_FILE_DIR)/Pods-testlib-checkManifestLockResult.txt",
			);
			runOnlyForDeploymentPostprocessing = 0;
			shellPath = /bin/sh;
			shellScript = "diff \"${PODS_PODFILE_DIR_PATH}/Podfile.lock\" \"${PODS_ROOT}/Manifest.lock\" > /dev/null\nif [ $? != 0 ] ; then\n    # print error to STDERR\n    echo \"error: The sandbox is not in sync with the Podfile.lock. Run 'pod install' or update your CocoaPods installation.\" >&2\n    exit 1\nfi\n# This output is used by Xcode 'outputs' to avoid re-running this script phase.\necho \"SUCCESS\" > \"${SCRIPT_OUTPUT_FILE_0}\"\n";
			showEnvVarsInLog = 0;
		};
/* End PBXShellScriptBuildPhase section */

/* Begin PBXSourcesBuildPhase section */
		182F46DF1A7F671B00295F8B /* Sources */ = {
			isa = PBXSourcesBuildPhase;
			buildActionMask = 2147483647;
			files = (
				6535858E200505C8007E5997 /* AutoKeyboardField.m in Sources */,
				65A2D4B2200499E600910DBA /* JMDropMenu.m in Sources */,
				65A2D49E20047A0300910DBA /* GCDAsyncSocket.m in Sources */,
				65A2D4B920049AAA00910DBA /* CustomErImgView.m in Sources */,
				6535858A200504FE007E5997 /* TabNavViewcontroller.m in Sources */,
				65358597200506AD007E5997 /* RadioButton.m in Sources */,
				65A2D4B520049A4100910DBA /* CommonCode.m in Sources */,
				65A2D4BC20049ADA00910DBA /* CustomerSearchBarView.m in Sources */,
				B8738F261C50805000D110A0 /* HSLSearchDevice.m in Sources */,
				18A006201AAF11CA00B6B712 /* MyGLViewController.mm in Sources */,
				653585722005023D007E5997 /* HostComputerObject.m in Sources */,
				653585A020050795007E5997 /* SelectAlert.m in Sources */,
				65A2D4A9200497D400910DBA /* SVProgressHUD+SomeThingDefine.m in Sources */,
				182F46EF1A7F671B00295F8B /* ViewController.m in Sources */,
				653585842005045D007E5997 /* ParentTabbarController.m in Sources */,
				6535857820050307007E5997 /* ParentViewController.m in Sources */,
				653585A3200507D0007E5997 /* VerticalCenterTextLabel.m in Sources */,
				65A2D4A4200496C900910DBA /* GCDAsyncUdpSocket.m in Sources */,
				65358587200504BF007E5997 /* TabbarBottomBtn.m in Sources */,
				182F46EC1A7F671B00295F8B /* AppDelegate.m in Sources */,
				6535859D20050768007E5997 /* RadioView.m in Sources */,
				182F46E91A7F671B00295F8B /* main.m in Sources */,
				65358591200505F8007E5997 /* HomeCellView.m in Sources */,
				65358580200503F2007E5997 /* PopAnimation.m in Sources */,
				6535859420050682007E5997 /* NavBarView.m in Sources */,
				65A2D4BF20049B0700910DBA /* UIImage+Rotate.m in Sources */,
				65A2D4AC2004981000910DBA /* UIView+MydefineView.m in Sources */,
				6535857D2005039D007E5997 /* MyNavViewController.m in Sources */,
			);
			runOnlyForDeploymentPostprocessing = 0;
		};
/* End PBXSourcesBuildPhase section */

/* Begin PBXVariantGroup section */
		182F46F01A7F671B00295F8B /* Main.storyboard */ = {
			isa = PBXVariantGroup;
			children = (
				182F46F11A7F671B00295F8B /* Base */,
			);
			name = Main.storyboard;
			sourceTree = "<group>";
		};
		182F46F51A7F671B00295F8B /* LaunchScreen.xib */ = {
			isa = PBXVariantGroup;
			children = (
				182F46F61A7F671B00295F8B /* Base */,
			);
			name = LaunchScreen.xib;
			sourceTree = "<group>";
		};
/* End PBXVariantGroup section */

/* Begin XCBuildConfiguration section */
		182F47041A7F671C00295F8B /* Debug */ = {
			isa = XCBuildConfiguration;
			buildSettings = {
				ALWAYS_SEARCH_USER_PATHS = NO;
				CLANG_CXX_LANGUAGE_STANDARD = "gnu++0x";
				CLANG_CXX_LIBRARY = "libc++";
				CLANG_ENABLE_MODULES = YES;
				CLANG_ENABLE_OBJC_ARC = YES;
				CLANG_WARN_BOOL_CONVERSION = YES;
				CLANG_WARN_CONSTANT_CONVERSION = YES;
				CLANG_WARN_DIRECT_OBJC_ISA_USAGE = YES_ERROR;
				CLANG_WARN_EMPTY_BODY = YES;
				CLANG_WARN_ENUM_CONVERSION = YES;
				CLANG_WARN_INT_CONVERSION = YES;
				CLANG_WARN_OBJC_ROOT_CLASS = YES_ERROR;
				CLANG_WARN_UNREACHABLE_CODE = YES;
				CLANG_WARN__DUPLICATE_METHOD_MATCH = YES;
				"CODE_SIGN_IDENTITY[sdk=iphoneos*]" = "iPhone Developer";
				COPY_PHASE_STRIP = NO;
				ENABLE_STRICT_OBJC_MSGSEND = YES;
				GCC_C_LANGUAGE_STANDARD = gnu99;
				GCC_DYNAMIC_NO_PIC = NO;
				GCC_OPTIMIZATION_LEVEL = 0;
				GCC_PREPROCESSOR_DEFINITIONS = (
					"DEBUG=1",
					"$(inherited)",
				);
				GCC_SYMBOLS_PRIVATE_EXTERN = NO;
				GCC_WARN_64_TO_32_BIT_CONVERSION = YES;
				GCC_WARN_ABOUT_RETURN_TYPE = YES_ERROR;
				GCC_WARN_UNDECLARED_SELECTOR = YES;
				GCC_WARN_UNINITIALIZED_AUTOS = YES_AGGRESSIVE;
				GCC_WARN_UNUSED_FUNCTION = YES;
				GCC_WARN_UNUSED_VARIABLE = YES;
				IPHONEOS_DEPLOYMENT_TARGET = 8.1;
				MTL_ENABLE_DEBUG_INFO = YES;
				ONLY_ACTIVE_ARCH = YES;
				SDKROOT = iphoneos;
				TARGETED_DEVICE_FAMILY = "1,2";
			};
			name = Debug;
		};
		182F47051A7F671C00295F8B /* Release */ = {
			isa = XCBuildConfiguration;
			buildSettings = {
				ALWAYS_SEARCH_USER_PATHS = NO;
				CLANG_CXX_LANGUAGE_STANDARD = "gnu++0x";
				CLANG_CXX_LIBRARY = "libc++";
				CLANG_ENABLE_MODULES = YES;
				CLANG_ENABLE_OBJC_ARC = YES;
				CLANG_WARN_BOOL_CONVERSION = YES;
				CLANG_WARN_CONSTANT_CONVERSION = YES;
				CLANG_WARN_DIRECT_OBJC_ISA_USAGE = YES_ERROR;
				CLANG_WARN_EMPTY_BODY = YES;
				CLANG_WARN_ENUM_CONVERSION = YES;
				CLANG_WARN_INT_CONVERSION = YES;
				CLANG_WARN_OBJC_ROOT_CLASS = YES_ERROR;
				CLANG_WARN_UNREACHABLE_CODE = YES;
				CLANG_WARN__DUPLICATE_METHOD_MATCH = YES;
				"CODE_SIGN_IDENTITY[sdk=iphoneos*]" = "iPhone Developer";
				COPY_PHASE_STRIP = YES;
				ENABLE_NS_ASSERTIONS = NO;
				ENABLE_STRICT_OBJC_MSGSEND = YES;
				GCC_C_LANGUAGE_STANDARD = gnu99;
				GCC_WARN_64_TO_32_BIT_CONVERSION = YES;
				GCC_WARN_ABOUT_RETURN_TYPE = YES_ERROR;
				GCC_WARN_UNDECLARED_SELECTOR = YES;
				GCC_WARN_UNINITIALIZED_AUTOS = YES_AGGRESSIVE;
				GCC_WARN_UNUSED_FUNCTION = YES;
				GCC_WARN_UNUSED_VARIABLE = YES;
				IPHONEOS_DEPLOYMENT_TARGET = 8.1;
				MTL_ENABLE_DEBUG_INFO = NO;
				SDKROOT = iphoneos;
				TARGETED_DEVICE_FAMILY = "1,2";
				VALIDATE_PRODUCT = YES;
			};
			name = Release;
		};
		182F47071A7F671C00295F8B /* Debug */ = {
			isa = XCBuildConfiguration;
			baseConfigurationReference = C5A931951A5BD3A8E105C517 /* Pods-testlib.debug.xcconfig */;
			buildSettings = {
				ARCHS = "$(ARCHS_STANDARD)";
				ASSETCATALOG_COMPILER_APPICON_NAME = AppIcon;
				CLANG_CXX_LIBRARY = "libc++";
				CLANG_ENABLE_OBJC_ARC = NO;
				CODE_SIGN_IDENTITY = "iPhone Developer: shu bin (6V5PJDGQD8)";
				"CODE_SIGN_IDENTITY[sdk=iphoneos*]" = "iPhone Developer";
				CODE_SIGN_STYLE = Automatic;
				DEVELOPMENT_TEAM = NBPYVQ9Z75;
				ENABLE_BITCODE = NO;
				GCC_C_LANGUAGE_STANDARD = gnu99;
				GCC_INPUT_FILETYPE = automatic;
				HEADER_SEARCH_PATHS = "$(PROJECT_DIR)/testlib/HSLSDK/inc";
				INFOPLIST_FILE = testlib/Info.plist;
				IPHONEOS_DEPLOYMENT_TARGET = 9.0;
				LD_RUNPATH_SEARCH_PATHS = "$(inherited) @executable_path/Frameworks";
				LIBRARY_SEARCH_PATHS = (
					"$(inherited)",
					"$(PROJECT_DIR)/testlib/lib",
				);
				PRODUCT_BUNDLE_IDENTIFIER = "-91873508-qq.com";
				PRODUCT_NAME = "$(TARGET_NAME)";
				PROVISIONING_PROFILE = "";
				PROVISIONING_PROFILE_SPECIFIER = "";
			};
			name = Debug;
		};
		182F47081A7F671C00295F8B /* Release */ = {
			isa = XCBuildConfiguration;
			baseConfigurationReference = 29D20868EBD09B5C49DEAEBF /* Pods-testlib.release.xcconfig */;
			buildSettings = {
				ARCHS = "$(ARCHS_STANDARD)";
				ASSETCATALOG_COMPILER_APPICON_NAME = AppIcon;
				CLANG_CXX_LIBRARY = "libc++";
				CLANG_ENABLE_OBJC_ARC = NO;
				"CODE_SIGN_IDENTITY[sdk=iphoneos*]" = "iPhone Developer";
				CODE_SIGN_STYLE = Automatic;
				DEVELOPMENT_TEAM = NBPYVQ9Z75;
				ENABLE_BITCODE = NO;
				GCC_C_LANGUAGE_STANDARD = gnu99;
				GCC_INPUT_FILETYPE = automatic;
				HEADER_SEARCH_PATHS = "$(PROJECT_DIR)/testlib/HSLSDK/inc";
				INFOPLIST_FILE = testlib/Info.plist;
				IPHONEOS_DEPLOYMENT_TARGET = 9.0;
				LD_RUNPATH_SEARCH_PATHS = "$(inherited) @executable_path/Frameworks";
				LIBRARY_SEARCH_PATHS = (
					"$(inherited)",
					"$(PROJECT_DIR)/testlib/lib",
				);
				PRODUCT_BUNDLE_IDENTIFIER = "-91873508-qq.com";
				PRODUCT_NAME = "$(TARGET_NAME)";
				PROVISIONING_PROFILE = "";
				PROVISIONING_PROFILE_SPECIFIER = "";
			};
			name = Release;
		};
/* End XCBuildConfiguration section */

/* Begin XCConfigurationList section */
		182F46DE1A7F671B00295F8B /* Build configuration list for PBXProject "testlib" */ = {
			isa = XCConfigurationList;
			buildConfigurations = (
				182F47041A7F671C00295F8B /* Debug */,
				182F47051A7F671C00295F8B /* Release */,
			);
			defaultConfigurationIsVisible = 0;
			defaultConfigurationName = Release;
		};
		182F47061A7F671C00295F8B /* Build configuration list for PBXNativeTarget "testlib" */ = {
			isa = XCConfigurationList;
			buildConfigurations = (
				182F47071A7F671C00295F8B /* Debug */,
				182F47081A7F671C00295F8B /* Release */,
			);
			defaultConfigurationIsVisible = 0;
			defaultConfigurationName = Release;
		};
/* End XCConfigurationList section */
	};
	rootObject = 182F46DB1A7F671B00295F8B /* Project object */;
}
